
Microsoft Visual Studio Solution File, Format Version 12.00
# Visual Studio Version 17
VisualStudioVersion = 17.6.33712.159
MinimumVisualStudioVersion = 10.0.40219.1
Project("{9A19103F-16F7-4668-BE54-9A1E7A4F7556}") = "PaperLess.WebApi", "PaperLess.WebApi\PaperLess.WebApi.csproj", "{30F1797B-E402-4147-800B-999AF8A8A686}"
EndProject
Project("{FAE04EC0-301F-11D3-BF4B-00C04F79EFBC}") = "PaperLess.BusinessLogic.Entities", "PaperLess.BusinessLogic.Entities\PaperLess.BusinessLogic.Entities.csproj", "{E932EB11-4197-4282-A555-52494085D400}"
EndProject
Project("{FAE04EC0-301F-11D3-BF4B-00C04F79EFBC}") = "PaperLess.BusinessLogic.Interfaces", "PaperLess.BusinessLogic.Interfaces\PaperLess.BusinessLogic.Interfaces.csproj", "{E1EDC049-E57F-430B-AE2A-B90168D7E7B5}"
EndProject
Project("{FAE04EC0-301F-11D3-BF4B-00C04F79EFBC}") = "PaperLess.BusinessLogic", "PaperLess.BusinessLogic\PaperLess.BusinessLogic.csproj", "{4902942A-1772-4CC0-B8D2-0E7E05DA3302}"
EndProject
Project("{FAE04EC0-301F-11D3-BF4B-00C04F79EFBC}") = "PaperLess.DataAccess.Entities", "PaperLess.DataAccess.Entities\PaperLess.DataAccess.Entities.csproj", "{737AC849-BEE3-4798-9BEF-243FACD39F71}"
EndProject
Project("{FAE04EC0-301F-11D3-BF4B-00C04F79EFBC}") = "PaperLess.DataAccess.Interfaces", "PaperLess.DataAccess.Interfaces\PaperLess.DataAccess.Interfaces.csproj", "{D0E0ED63-4D53-4F2B-99A1-63A1C3C53A86}"
EndProject
Project("{FAE04EC0-301F-11D3-BF4B-00C04F79EFBC}") = "PaperLess.DataAccess.SQL", "PaperLess.DataAccess.SQL\PaperLess.DataAccess.SQL.csproj", "{E8369F42-A225-44BF-8ABF-2F65350934D8}"
EndProject
Global
	GlobalSection(SolutionConfigurationPlatforms) = preSolution
		Debug|Any CPU = Debug|Any CPU
		Release|Any CPU = Release|Any CPU
	EndGlobalSection
	GlobalSection(ProjectConfigurationPlatforms) = postSolution
		{30F1797B-E402-4147-800B-999AF8A8A686}.Debug|Any CPU.ActiveCfg = Debug|Any CPU
		{30F1797B-E402-4147-800B-999AF8A8A686}.Debug|Any CPU.Build.0 = Debug|Any CPU
		{30F1797B-E402-4147-800B-999AF8A8A686}.Release|Any CPU.ActiveCfg = Release|Any CPU
		{30F1797B-E402-4147-800B-999AF8A8A686}.Release|Any CPU.Build.0 = Release|Any CPU
		{E932EB11-4197-4282-A555-52494085D400}.Debug|Any CPU.ActiveCfg = Debug|Any CPU
		{E932EB11-4197-4282-A555-52494085D400}.Debug|Any CPU.Build.0 = Debug|Any CPU
		{E932EB11-4197-4282-A555-52494085D400}.Release|Any CPU.ActiveCfg = Release|Any CPU
		{E932EB11-4197-4282-A555-52494085D400}.Release|Any CPU.Build.0 = Release|Any CPU
		{E1EDC049-E57F-430B-AE2A-B90168D7E7B5}.Debug|Any CPU.ActiveCfg = Debug|Any CPU
		{E1EDC049-E57F-430B-AE2A-B90168D7E7B5}.Debug|Any CPU.Build.0 = Debug|Any CPU
		{E1EDC049-E57F-430B-AE2A-B90168D7E7B5}.Release|Any CPU.ActiveCfg = Release|Any CPU
		{E1EDC049-E57F-430B-AE2A-B90168D7E7B5}.Release|Any CPU.Build.0 = Release|Any CPU
		{4902942A-1772-4CC0-B8D2-0E7E05DA3302}.Debug|Any CPU.ActiveCfg = Debug|Any CPU
		{4902942A-1772-4CC0-B8D2-0E7E05DA3302}.Debug|Any CPU.Build.0 = Debug|Any CPU
		{4902942A-1772-4CC0-B8D2-0E7E05DA3302}.Release|Any CPU.ActiveCfg = Release|Any CPU
		{4902942A-1772-4CC0-B8D2-0E7E05DA3302}.Release|Any CPU.Build.0 = Release|Any CPU
		{737AC849-BEE3-4798-9BEF-243FACD39F71}.Debug|Any CPU.ActiveCfg = Debug|Any CPU
		{737AC849-BEE3-4798-9BEF-243FACD39F71}.Debug|Any CPU.Build.0 = Debug|Any CPU
		{737AC849-BEE3-4798-9BEF-243FACD39F71}.Release|Any CPU.ActiveCfg = Release|Any CPU
		{737AC849-BEE3-4798-9BEF-243FACD39F71}.Release|Any CPU.Build.0 = Release|Any CPU
		{D0E0ED63-4D53-4F2B-99A1-63A1C3C53A86}.Debug|Any CPU.ActiveCfg = Debug|Any CPU
		{D0E0ED63-4D53-4F2B-99A1-63A1C3C53A86}.Debug|Any CPU.Build.0 = Debug|Any CPU
		{D0E0ED63-4D53-4F2B-99A1-63A1C3C53A86}.Release|Any CPU.ActiveCfg = Release|Any CPU
		{D0E0ED63-4D53-4F2B-99A1-63A1C3C53A86}.Release|Any CPU.Build.0 = Release|Any CPU
		{E8369F42-A225-44BF-8ABF-2F65350934D8}.Debug|Any CPU.ActiveCfg = Debug|Any CPU
		{E8369F42-A225-44BF-8ABF-2F65350934D8}.Debug|Any CPU.Build.0 = Debug|Any CPU
		{E8369F42-A225-44BF-8ABF-2F65350934D8}.Release|Any CPU.ActiveCfg = Release|Any CPU
		{E8369F42-A225-44BF-8ABF-2F65350934D8}.Release|Any CPU.Build.0 = Release|Any CPU
	EndGlobalSection
	GlobalSection(SolutionProperties) = preSolution
		HideSolutionNode = FALSE
	EndGlobalSection
	GlobalSection(ExtensibilityGlobals) = postSolution
		SolutionGuid = {34A90B75-BD2F-43E6-A9FC-0935DBD59A38}
	EndGlobalSection
EndGlobal
